
Microsoft Visual Studio Solution File, Format Version 12.00
# Visual Studio Version 18
VisualStudioVersion = 18.0.11111.16
MinimumVisualStudioVersion = 10.0.40219.1
Project("{E53339B2-1760-4266-BCC7-CA923CBCF16C}") = "docker-compose", "docker-compose.dcproj", "{81DDED9D-158B-E303-5F62-77A2896D2A5A}"
EndProject
Project("{FAE04EC0-301F-11D3-BF4B-00C04F79EFBC}") = "EVAuctionTrader.Business", "EVAuctionTrader.Business\EVAuctionTrader.Business.csproj", "{BF9C3992-9055-3C9D-D21E-23C8C718D7BC}"
EndProject
Project("{FAE04EC0-301F-11D3-BF4B-00C04F79EFBC}") = "EVAuctionTrader.BusinessObject", "EVAuctionTrader.BusinessObject\EVAuctionTrader.BusinessObject.csproj", "{F7B03A36-46D4-29C5-5426-E5DEE6BE5C6A}"
EndProject
Project("{FAE04EC0-301F-11D3-BF4B-00C04F79EFBC}") = "EVAuctionTrader.DataAccess", "EVAuctionTrader.DataAccess\EVAuctionTrader.DataAccess.csproj", "{2C5FA7CF-F767-7EED-193C-58D778988A14}"
EndProject
Project("{FAE04EC0-301F-11D3-BF4B-00C04F79EFBC}") = "EVAuctionTrader.Presentation", "EVAuctionTrader.Presentation\EVAuctionTrader.Presentation.csproj", "{1A81EEA8-43AE-AFA5-DA3D-22746E4CFF61}"
EndProject
Global
	GlobalSection(SolutionConfigurationPlatforms) = preSolution
		Debug|Any CPU = Debug|Any CPU
		Release|Any CPU = Release|Any CPU
	EndGlobalSection
	GlobalSection(ProjectConfigurationPlatforms) = postSolution
		{81DDED9D-158B-E303-5F62-77A2896D2A5A}.Debug|Any CPU.ActiveCfg = Debug|Any CPU
		{81DDED9D-158B-E303-5F62-77A2896D2A5A}.Debug|Any CPU.Build.0 = Debug|Any CPU
		{81DDED9D-158B-E303-5F62-77A2896D2A5A}.Release|Any CPU.ActiveCfg = Release|Any CPU
		{81DDED9D-158B-E303-5F62-77A2896D2A5A}.Release|Any CPU.Build.0 = Release|Any CPU
		{BF9C3992-9055-3C9D-D21E-23C8C718D7BC}.Debug|Any CPU.ActiveCfg = Debug|Any CPU
		{BF9C3992-9055-3C9D-D21E-23C8C718D7BC}.Debug|Any CPU.Build.0 = Debug|Any CPU
		{BF9C3992-9055-3C9D-D21E-23C8C718D7BC}.Release|Any CPU.ActiveCfg = Release|Any CPU
		{BF9C3992-9055-3C9D-D21E-23C8C718D7BC}.Release|Any CPU.Build.0 = Release|Any CPU
		{F7B03A36-46D4-29C5-5426-E5DEE6BE5C6A}.Debug|Any CPU.ActiveCfg = Debug|Any CPU
		{F7B03A36-46D4-29C5-5426-E5DEE6BE5C6A}.Debug|Any CPU.Build.0 = Debug|Any CPU
		{F7B03A36-46D4-29C5-5426-E5DEE6BE5C6A}.Release|Any CPU.ActiveCfg = Release|Any CPU
		{F7B03A36-46D4-29C5-5426-E5DEE6BE5C6A}.Release|Any CPU.Build.0 = Release|Any CPU
		{2C5FA7CF-F767-7EED-193C-58D778988A14}.Debug|Any CPU.ActiveCfg = Debug|Any CPU
		{2C5FA7CF-F767-7EED-193C-58D778988A14}.Debug|Any CPU.Build.0 = Debug|Any CPU
		{2C5FA7CF-F767-7EED-193C-58D778988A14}.Release|Any CPU.ActiveCfg = Release|Any CPU
		{2C5FA7CF-F767-7EED-193C-58D778988A14}.Release|Any CPU.Build.0 = Release|Any CPU
		{1A81EEA8-43AE-AFA5-DA3D-22746E4CFF61}.Debug|Any CPU.ActiveCfg = Debug|Any CPU
		{1A81EEA8-43AE-AFA5-DA3D-22746E4CFF61}.Debug|Any CPU.Build.0 = Debug|Any CPU
		{1A81EEA8-43AE-AFA5-DA3D-22746E4CFF61}.Release|Any CPU.ActiveCfg = Release|Any CPU
		{1A81EEA8-43AE-AFA5-DA3D-22746E4CFF61}.Release|Any CPU.Build.0 = Release|Any CPU
	EndGlobalSection
	GlobalSection(SolutionProperties) = preSolution
		HideSolutionNode = FALSE
	EndGlobalSection
	GlobalSection(ExtensibilityGlobals) = postSolution
		SolutionGuid = {517426EC-A4D2-4941-9F0D-B4245797379F}
	EndGlobalSection
EndGlobal
